
Microsoft Visual Studio Solution File, Format Version 12.00
# Visual Studio 15
VisualStudioVersion = 15.0.27428.2037
MinimumVisualStudioVersion = 10.0.40219.1
Project("{FAE04EC0-301F-11D3-BF4B-00C04F79EFBC}") = "Vending Machine", "Vending Machine\Vending Machine.csproj", "{739AEEF8-BBE4-450B-8526-83159464BAAF}"
EndProject
Global
	GlobalSection(SolutionConfigurationPlatforms) = preSolution
		Debug|Any CPU = Debug|Any CPU
		Release|Any CPU = Release|Any CPU
	EndGlobalSection
	GlobalSection(ProjectConfigurationPlatforms) = postSolution
		{739AEEF8-BBE4-450B-8526-83159464BAAF}.Debug|Any CPU.ActiveCfg = Debug|Any CPU
		{739AEEF8-BBE4-450B-8526-83159464BAAF}.Debug|Any CPU.Build.0 = Debug|Any CPU
		{739AEEF8-BBE4-450B-8526-83159464BAAF}.Release|Any CPU.ActiveCfg = Release|Any CPU
		{739AEEF8-BBE4-450B-8526-83159464BAAF}.Release|Any CPU.Build.0 = Release|Any CPU
	EndGlobalSection
	GlobalSection(SolutionProperties) = preSolution
		HideSolutionNode = FALSE
	EndGlobalSection
	GlobalSection(ExtensibilityGlobals) = postSolution
		SolutionGuid = {56ED585D-BD41-4530-B851-28A7B24A23A5}
	EndGlobalSection
EndGlobal
